
Microsoft Visual Studio Solution File, Format Version 12.00
# Visual Studio Version 17
VisualStudioVersion = 17.3.32811.315
MinimumVisualStudioVersion = 10.0.40219.1
Project("{FAE04EC0-301F-11D3-BF4B-00C04F79EFBC}") = "CFB_Academia", "CFB_Academia\CFB_Academia.csproj", "{52DDD9E5-8032-4C1D-AD2E-27133F9AEB2F}"
EndProject
Global
	GlobalSection(SolutionConfigurationPlatforms) = preSolution
		Debug|Any CPU = Debug|Any CPU
		Release|Any CPU = Release|Any CPU
	EndGlobalSection
	GlobalSection(ProjectConfigurationPlatforms) = postSolution
		{52DDD9E5-8032-4C1D-AD2E-27133F9AEB2F}.Debug|Any CPU.ActiveCfg = Debug|Any CPU
		{52DDD9E5-8032-4C1D-AD2E-27133F9AEB2F}.Debug|Any CPU.Build.0 = Debug|Any CPU
		{52DDD9E5-8032-4C1D-AD2E-27133F9AEB2F}.Release|Any CPU.ActiveCfg = Release|Any CPU
		{52DDD9E5-8032-4C1D-AD2E-27133F9AEB2F}.Release|Any CPU.Build.0 = Release|Any CPU
	EndGlobalSection
	GlobalSection(SolutionProperties) = preSolution
		HideSolutionNode = FALSE
	EndGlobalSection
	GlobalSection(ExtensibilityGlobals) = postSolution
		SolutionGuid = {950676A3-6F02-4508-BD61-77EB4EA1F0E6}
	EndGlobalSection
EndGlobal
